# This file is automatically @generated by Cargo.
# It is not intended for manual editing.
version = 4

[[package]]
name = "noob-electrical-components"
version = "0.1.0"
dependencies = [
 "noob-electrical-components-diode-bridge",
 "noob-electrical-components-photocell",
]

[[package]]
name = "noob-electrical-components-diode-bridge"
version = "0.1.0"

[[package]]
name = "noob-electrical-components-photocell"
version = "0.1.0"
