# This file is automatically @generated by Cargo.
# It is not intended for manual editing.
version = 4

[[package]]
name = "noob-electrical-components"
version = "0.1.0"
dependencies = [
 "noob-electrical-components-blackmer-cell",
 "noob-electrical-components-diode-arm-pair",
 "noob-electrical-components-diode-bridge",
 "noob-electrical-components-fet-variable-resistor",
 "noob-electrical-components-log-rms-detector",
 "noob-electrical-components-photocell",
 "noob-electrical-components-remote-cutoff-triode",
 "noob-electrical-components-small-signal-triode",
 "noob-electrical-components-transformer",
]

[[package]]
name = "noob-electrical-components-blackmer-cell"
version = "0.1.0"

[[package]]
name = "noob-electrical-components-diode-arm-pair"
version = "0.1.0"

[[package]]
name = "noob-electrical-components-diode-bridge"
version = "0.1.0"

[[package]]
name = "noob-electrical-components-fet-variable-resistor"
version = "0.1.0"

[[package]]
name = "noob-electrical-components-log-rms-detector"
version = "0.1.0"

[[package]]
name = "noob-electrical-components-photocell"
version = "0.1.0"

[[package]]
name = "noob-electrical-components-remote-cutoff-triode"
version = "0.1.0"

[[package]]
name = "noob-electrical-components-small-signal-triode"
version = "0.1.0"

[[package]]
name = "noob-electrical-components-transformer"
version = "0.1.0"
